
Microsoft Visual Studio Solution File, Format Version 12.00
# Visual Studio Version 16
VisualStudioVersion = 16.0.30907.101
MinimumVisualStudioVersion = 10.0.40219.1
Project("{8BC9CEB8-8B4A-11D0-8D11-00A0C91BC942}") = "teste_sfml", "teste_sfml\teste_sfml.vcxproj", "{4F04C5C4-EE0F-4927-AA55-93E05479A632}"
EndProject
Global
	GlobalSection(SolutionConfigurationPlatforms) = preSolution
		Debug|x64 = Debug|x64
		Debug|x86 = Debug|x86
		Release|x64 = Release|x64
		Release|x86 = Release|x86
	EndGlobalSection
	GlobalSection(ProjectConfigurationPlatforms) = postSolution
		{4F04C5C4-EE0F-4927-AA55-93E05479A632}.Debug|x64.ActiveCfg = Debug|x64
		{4F04C5C4-EE0F-4927-AA55-93E05479A632}.Debug|x64.Build.0 = Debug|x64
		{4F04C5C4-EE0F-4927-AA55-93E05479A632}.Debug|x86.ActiveCfg = Debug|Win32
		{4F04C5C4-EE0F-4927-AA55-93E05479A632}.Debug|x86.Build.0 = Debug|Win32
		{4F04C5C4-EE0F-4927-AA55-93E05479A632}.Release|x64.ActiveCfg = Release|x64
		{4F04C5C4-EE0F-4927-AA55-93E05479A632}.Release|x64.Build.0 = Release|x64
		{4F04C5C4-EE0F-4927-AA55-93E05479A632}.Release|x86.ActiveCfg = Release|Win32
		{4F04C5C4-EE0F-4927-AA55-93E05479A632}.Release|x86.Build.0 = Release|Win32
	EndGlobalSection
	GlobalSection(SolutionProperties) = preSolution
		HideSolutionNode = FALSE
	EndGlobalSection
	GlobalSection(ExtensibilityGlobals) = postSolution
		SolutionGuid = {1804C086-215A-4FCE-89A8-4A13FFF73E31}
	EndGlobalSection
EndGlobal
