
Microsoft Visual Studio Solution File, Format Version 12.00
# Visual Studio Version 16
Project("{2150E333-8FDC-42A3-9474-1A3956D46DE8}") = "CMake", "CMake", "{2F193947-1C1E-3E3B-83E0-3AD2292F26CD}"
EndProject
Project("{2150E333-8FDC-42A3-9474-1A3956D46DE8}") = "SFML", "SFML", "{F49AAC6C-A787-3034-B906-C9152DF3DF2A}"
EndProject
Project("{8BC9CEB8-8B4A-11D0-8D11-00A0C91BC942}") = "ALL_BUILD", "ALL_BUILD.vcxproj", "{4CBE821A-8CE4-3FC2-86FB-997D406427D3}"
	ProjectSection(ProjectDependencies) = postProject
		{EF6278D4-4CE6-312B-8CBC-95E8789F7201} = {EF6278D4-4CE6-312B-8CBC-95E8789F7201}
		{1D494FE5-CE3B-3250-8650-85A9BA49CD9E} = {1D494FE5-CE3B-3250-8650-85A9BA49CD9E}
		{A6011DB3-F833-345B-82FD-B5E8E6F1F3B8} = {A6011DB3-F833-345B-82FD-B5E8E6F1F3B8}
		{CA566AEF-A249-3B86-9285-551999E7B476} = {CA566AEF-A249-3B86-9285-551999E7B476}
		{69C75CC4-7A18-327B-A0DD-E00D89630F07} = {69C75CC4-7A18-327B-A0DD-E00D89630F07}
		{F085135A-13B1-3720-B4CF-A82BF568270B} = {F085135A-13B1-3720-B4CF-A82BF568270B}
		{36CB054E-8714-3DB7-8156-FC7D6E096878} = {36CB054E-8714-3DB7-8156-FC7D6E096878}
	EndProjectSection
EndProject
Project("{8BC9CEB8-8B4A-11D0-8D11-00A0C91BC942}") = "INSTALL", "INSTALL.vcxproj", "{59DF8438-11B7-3EE9-BB2F-B454B9B6F0DA}"
	ProjectSection(ProjectDependencies) = postProject
		{4CBE821A-8CE4-3FC2-86FB-997D406427D3} = {4CBE821A-8CE4-3FC2-86FB-997D406427D3}
		{EF6278D4-4CE6-312B-8CBC-95E8789F7201} = {EF6278D4-4CE6-312B-8CBC-95E8789F7201}
	EndProjectSection
EndProject
Project("{8BC9CEB8-8B4A-11D0-8D11-00A0C91BC942}") = "ZERO_CHECK", "ZERO_CHECK.vcxproj", "{EF6278D4-4CE6-312B-8CBC-95E8789F7201}"
	ProjectSection(ProjectDependencies) = postProject
	EndProjectSection
EndProject
Project("{8BC9CEB8-8B4A-11D0-8D11-00A0C91BC942}") = "sfml-audio", "src\SFML\Audio\sfml-audio.vcxproj", "{1D494FE5-CE3B-3250-8650-85A9BA49CD9E}"
	ProjectSection(ProjectDependencies) = postProject
		{EF6278D4-4CE6-312B-8CBC-95E8789F7201} = {EF6278D4-4CE6-312B-8CBC-95E8789F7201}
		{F085135A-13B1-3720-B4CF-A82BF568270B} = {F085135A-13B1-3720-B4CF-A82BF568270B}
	EndProjectSection
EndProject
Project("{8BC9CEB8-8B4A-11D0-8D11-00A0C91BC942}") = "sfml-graphics", "src\SFML\Graphics\sfml-graphics.vcxproj", "{A6011DB3-F833-345B-82FD-B5E8E6F1F3B8}"
	ProjectSection(ProjectDependencies) = postProject
		{EF6278D4-4CE6-312B-8CBC-95E8789F7201} = {EF6278D4-4CE6-312B-8CBC-95E8789F7201}
		{F085135A-13B1-3720-B4CF-A82BF568270B} = {F085135A-13B1-3720-B4CF-A82BF568270B}
		{36CB054E-8714-3DB7-8156-FC7D6E096878} = {36CB054E-8714-3DB7-8156-FC7D6E096878}
	EndProjectSection
EndProject
Project("{8BC9CEB8-8B4A-11D0-8D11-00A0C91BC942}") = "sfml-main", "src\SFML\Main\sfml-main.vcxproj", "{CA566AEF-A249-3B86-9285-551999E7B476}"
	ProjectSection(ProjectDependencies) = postProject
		{EF6278D4-4CE6-312B-8CBC-95E8789F7201} = {EF6278D4-4CE6-312B-8CBC-95E8789F7201}
	EndProjectSection
EndProject
Project("{8BC9CEB8-8B4A-11D0-8D11-00A0C91BC942}") = "sfml-network", "src\SFML\Network\sfml-network.vcxproj", "{69C75CC4-7A18-327B-A0DD-E00D89630F07}"
	ProjectSection(ProjectDependencies) = postProject
		{EF6278D4-4CE6-312B-8CBC-95E8789F7201} = {EF6278D4-4CE6-312B-8CBC-95E8789F7201}
		{F085135A-13B1-3720-B4CF-A82BF568270B} = {F085135A-13B1-3720-B4CF-A82BF568270B}
	EndProjectSection
EndProject
Project("{8BC9CEB8-8B4A-11D0-8D11-00A0C91BC942}") = "sfml-system", "src\SFML\System\sfml-system.vcxproj", "{F085135A-13B1-3720-B4CF-A82BF568270B}"
	ProjectSection(ProjectDependencies) = postProject
		{EF6278D4-4CE6-312B-8CBC-95E8789F7201} = {EF6278D4-4CE6-312B-8CBC-95E8789F7201}
	EndProjectSection
EndProject
Project("{8BC9CEB8-8B4A-11D0-8D11-00A0C91BC942}") = "sfml-window", "src\SFML\Window\sfml-window.vcxproj", "{36CB054E-8714-3DB7-8156-FC7D6E096878}"
	ProjectSection(ProjectDependencies) = postProject
		{EF6278D4-4CE6-312B-8CBC-95E8789F7201} = {EF6278D4-4CE6-312B-8CBC-95E8789F7201}
		{F085135A-13B1-3720-B4CF-A82BF568270B} = {F085135A-13B1-3720-B4CF-A82BF568270B}
	EndProjectSection
EndProject
Global
	GlobalSection(SolutionConfigurationPlatforms) = preSolution
		Debug|x64 = Debug|x64
		Release|x64 = Release|x64
		MinSizeRel|x64 = MinSizeRel|x64
		RelWithDebInfo|x64 = RelWithDebInfo|x64
	EndGlobalSection
	GlobalSection(ProjectConfigurationPlatforms) = postSolution
		{4CBE821A-8CE4-3FC2-86FB-997D406427D3}.Debug|x64.ActiveCfg = Debug|x64
		{4CBE821A-8CE4-3FC2-86FB-997D406427D3}.Debug|x64.Build.0 = Debug|x64
		{4CBE821A-8CE4-3FC2-86FB-997D406427D3}.Release|x64.ActiveCfg = Release|x64
		{4CBE821A-8CE4-3FC2-86FB-997D406427D3}.Release|x64.Build.0 = Release|x64
		{4CBE821A-8CE4-3FC2-86FB-997D406427D3}.MinSizeRel|x64.ActiveCfg = MinSizeRel|x64
		{4CBE821A-8CE4-3FC2-86FB-997D406427D3}.MinSizeRel|x64.Build.0 = MinSizeRel|x64
		{4CBE821A-8CE4-3FC2-86FB-997D406427D3}.RelWithDebInfo|x64.ActiveCfg = RelWithDebInfo|x64
		{4CBE821A-8CE4-3FC2-86FB-997D406427D3}.RelWithDebInfo|x64.Build.0 = RelWithDebInfo|x64
		{59DF8438-11B7-3EE9-BB2F-B454B9B6F0DA}.Debug|x64.ActiveCfg = Debug|x64
		{59DF8438-11B7-3EE9-BB2F-B454B9B6F0DA}.Release|x64.ActiveCfg = Release|x64
		{59DF8438-11B7-3EE9-BB2F-B454B9B6F0DA}.MinSizeRel|x64.ActiveCfg = MinSizeRel|x64
		{59DF8438-11B7-3EE9-BB2F-B454B9B6F0DA}.RelWithDebInfo|x64.ActiveCfg = RelWithDebInfo|x64
		{EF6278D4-4CE6-312B-8CBC-95E8789F7201}.Debug|x64.ActiveCfg = Debug|x64
		{EF6278D4-4CE6-312B-8CBC-95E8789F7201}.Debug|x64.Build.0 = Debug|x64
		{EF6278D4-4CE6-312B-8CBC-95E8789F7201}.Release|x64.ActiveCfg = Release|x64
		{EF6278D4-4CE6-312B-8CBC-95E8789F7201}.Release|x64.Build.0 = Release|x64
		{EF6278D4-4CE6-312B-8CBC-95E8789F7201}.MinSizeRel|x64.ActiveCfg = MinSizeRel|x64
		{EF6278D4-4CE6-312B-8CBC-95E8789F7201}.MinSizeRel|x64.Build.0 = MinSizeRel|x64
		{EF6278D4-4CE6-312B-8CBC-95E8789F7201}.RelWithDebInfo|x64.ActiveCfg = RelWithDebInfo|x64
		{EF6278D4-4CE6-312B-8CBC-95E8789F7201}.RelWithDebInfo|x64.Build.0 = RelWithDebInfo|x64
		{1D494FE5-CE3B-3250-8650-85A9BA49CD9E}.Debug|x64.ActiveCfg = Debug|x64
		{1D494FE5-CE3B-3250-8650-85A9BA49CD9E}.Debug|x64.Build.0 = Debug|x64
		{1D494FE5-CE3B-3250-8650-85A9BA49CD9E}.Release|x64.ActiveCfg = Release|x64
		{1D494FE5-CE3B-3250-8650-85A9BA49CD9E}.Release|x64.Build.0 = Release|x64
		{1D494FE5-CE3B-3250-8650-85A9BA49CD9E}.MinSizeRel|x64.ActiveCfg = MinSizeRel|x64
		{1D494FE5-CE3B-3250-8650-85A9BA49CD9E}.MinSizeRel|x64.Build.0 = MinSizeRel|x64
		{1D494FE5-CE3B-3250-8650-85A9BA49CD9E}.RelWithDebInfo|x64.ActiveCfg = RelWithDebInfo|x64
		{1D494FE5-CE3B-3250-8650-85A9BA49CD9E}.RelWithDebInfo|x64.Build.0 = RelWithDebInfo|x64
		{A6011DB3-F833-345B-82FD-B5E8E6F1F3B8}.Debug|x64.ActiveCfg = Debug|x64
		{A6011DB3-F833-345B-82FD-B5E8E6F1F3B8}.Debug|x64.Build.0 = Debug|x64
		{A6011DB3-F833-345B-82FD-B5E8E6F1F3B8}.Release|x64.ActiveCfg = Release|x64
		{A6011DB3-F833-345B-82FD-B5E8E6F1F3B8}.Release|x64.Build.0 = Release|x64
		{A6011DB3-F833-345B-82FD-B5E8E6F1F3B8}.MinSizeRel|x64.ActiveCfg = MinSizeRel|x64
		{A6011DB3-F833-345B-82FD-B5E8E6F1F3B8}.MinSizeRel|x64.Build.0 = MinSizeRel|x64
		{A6011DB3-F833-345B-82FD-B5E8E6F1F3B8}.RelWithDebInfo|x64.ActiveCfg = RelWithDebInfo|x64
		{A6011DB3-F833-345B-82FD-B5E8E6F1F3B8}.RelWithDebInfo|x64.Build.0 = RelWithDebInfo|x64
		{CA566AEF-A249-3B86-9285-551999E7B476}.Debug|x64.ActiveCfg = Debug|x64
		{CA566AEF-A249-3B86-9285-551999E7B476}.Debug|x64.Build.0 = Debug|x64
		{CA566AEF-A249-3B86-9285-551999E7B476}.Release|x64.ActiveCfg = Release|x64
		{CA566AEF-A249-3B86-9285-551999E7B476}.Release|x64.Build.0 = Release|x64
		{CA566AEF-A249-3B86-9285-551999E7B476}.MinSizeRel|x64.ActiveCfg = MinSizeRel|x64
		{CA566AEF-A249-3B86-9285-551999E7B476}.MinSizeRel|x64.Build.0 = MinSizeRel|x64
		{CA566AEF-A249-3B86-9285-551999E7B476}.RelWithDebInfo|x64.ActiveCfg = RelWithDebInfo|x64
		{CA566AEF-A249-3B86-9285-551999E7B476}.RelWithDebInfo|x64.Build.0 = RelWithDebInfo|x64
		{69C75CC4-7A18-327B-A0DD-E00D89630F07}.Debug|x64.ActiveCfg = Debug|x64
		{69C75CC4-7A18-327B-A0DD-E00D89630F07}.Debug|x64.Build.0 = Debug|x64
		{69C75CC4-7A18-327B-A0DD-E00D89630F07}.Release|x64.ActiveCfg = Release|x64
		{69C75CC4-7A18-327B-A0DD-E00D89630F07}.Release|x64.Build.0 = Release|x64
		{69C75CC4-7A18-327B-A0DD-E00D89630F07}.MinSizeRel|x64.ActiveCfg = MinSizeRel|x64
		{69C75CC4-7A18-327B-A0DD-E00D89630F07}.MinSizeRel|x64.Build.0 = MinSizeRel|x64
		{69C75CC4-7A18-327B-A0DD-E00D89630F07}.RelWithDebInfo|x64.ActiveCfg = RelWithDebInfo|x64
		{69C75CC4-7A18-327B-A0DD-E00D89630F07}.RelWithDebInfo|x64.Build.0 = RelWithDebInfo|x64
		{F085135A-13B1-3720-B4CF-A82BF568270B}.Debug|x64.ActiveCfg = Debug|x64
		{F085135A-13B1-3720-B4CF-A82BF568270B}.Debug|x64.Build.0 = Debug|x64
		{F085135A-13B1-3720-B4CF-A82BF568270B}.Release|x64.ActiveCfg = Release|x64
		{F085135A-13B1-3720-B4CF-A82BF568270B}.Release|x64.Build.0 = Release|x64
		{F085135A-13B1-3720-B4CF-A82BF568270B}.MinSizeRel|x64.ActiveCfg = MinSizeRel|x64
		{F085135A-13B1-3720-B4CF-A82BF568270B}.MinSizeRel|x64.Build.0 = MinSizeRel|x64
		{F085135A-13B1-3720-B4CF-A82BF568270B}.RelWithDebInfo|x64.ActiveCfg = RelWithDebInfo|x64
		{F085135A-13B1-3720-B4CF-A82BF568270B}.RelWithDebInfo|x64.Build.0 = RelWithDebInfo|x64
		{36CB054E-8714-3DB7-8156-FC7D6E096878}.Debug|x64.ActiveCfg = Debug|x64
		{36CB054E-8714-3DB7-8156-FC7D6E096878}.Debug|x64.Build.0 = Debug|x64
		{36CB054E-8714-3DB7-8156-FC7D6E096878}.Release|x64.ActiveCfg = Release|x64
		{36CB054E-8714-3DB7-8156-FC7D6E096878}.Release|x64.Build.0 = Release|x64
		{36CB054E-8714-3DB7-8156-FC7D6E096878}.MinSizeRel|x64.ActiveCfg = MinSizeRel|x64
		{36CB054E-8714-3DB7-8156-FC7D6E096878}.MinSizeRel|x64.Build.0 = MinSizeRel|x64
		{36CB054E-8714-3DB7-8156-FC7D6E096878}.RelWithDebInfo|x64.ActiveCfg = RelWithDebInfo|x64
		{36CB054E-8714-3DB7-8156-FC7D6E096878}.RelWithDebInfo|x64.Build.0 = RelWithDebInfo|x64
	EndGlobalSection
	GlobalSection(NestedProjects) = preSolution
		{4CBE821A-8CE4-3FC2-86FB-997D406427D3} = {2F193947-1C1E-3E3B-83E0-3AD2292F26CD}
		{59DF8438-11B7-3EE9-BB2F-B454B9B6F0DA} = {2F193947-1C1E-3E3B-83E0-3AD2292F26CD}
		{EF6278D4-4CE6-312B-8CBC-95E8789F7201} = {2F193947-1C1E-3E3B-83E0-3AD2292F26CD}
		{1D494FE5-CE3B-3250-8650-85A9BA49CD9E} = {F49AAC6C-A787-3034-B906-C9152DF3DF2A}
		{A6011DB3-F833-345B-82FD-B5E8E6F1F3B8} = {F49AAC6C-A787-3034-B906-C9152DF3DF2A}
		{CA566AEF-A249-3B86-9285-551999E7B476} = {F49AAC6C-A787-3034-B906-C9152DF3DF2A}
		{69C75CC4-7A18-327B-A0DD-E00D89630F07} = {F49AAC6C-A787-3034-B906-C9152DF3DF2A}
		{F085135A-13B1-3720-B4CF-A82BF568270B} = {F49AAC6C-A787-3034-B906-C9152DF3DF2A}
		{36CB054E-8714-3DB7-8156-FC7D6E096878} = {F49AAC6C-A787-3034-B906-C9152DF3DF2A}
	EndGlobalSection
	GlobalSection(ExtensibilityGlobals) = postSolution
		SolutionGuid = {D592F080-B527-373D-BFFD-1C56F7933D21}
	EndGlobalSection
	GlobalSection(ExtensibilityAddIns) = postSolution
	EndGlobalSection
EndGlobal
