<?xml version="1.0" encoding="utf-8"?>
<Project ToolsVersion="16.0" xmlns="http://schemas.microsoft.com/developer/msbuild/2003">
  <ItemGroup>
    <ClCompile Include="C:\apagaar\5o semestre\ICG\SFML-2.5.1\src\SFML\Main\MainWin32.cpp">
      <Filter>Source Files</Filter>
    </ClCompile>
  </ItemGroup>
  <ItemGroup>
    <CustomBuild Include="C:\apagaar\5o semestre\ICG\SFML-2.5.1\src\SFML\Main\CMakeLists.txt" />
  </ItemGroup>
  <ItemGroup>
    <Filter Include="Source Files">
      <UniqueIdentifier>{8B1234EC-5C19-310D-9429-A900271D3AE4}</UniqueIdentifier>
    </Filter>
  </ItemGroup>
</Project>
